
Microsoft Visual Studio Solution File, Format Version 12.00
# Visual Studio Version 17
VisualStudioVersion = 17.4.33213.308
MinimumVisualStudioVersion = 10.0.40219.1
Project("{FAE04EC0-301F-11D3-BF4B-00C04F79EFBC}") = "ProjetoAPI", "ProjetoAPI\ProjetoAPI.csproj", "{58043B25-6C33-49A8-BFC7-5A284D4E8211}"
EndProject
Global
	GlobalSection(SolutionConfigurationPlatforms) = preSolution
		Debug|Any CPU = Debug|Any CPU
		Release|Any CPU = Release|Any CPU
	EndGlobalSection
	GlobalSection(ProjectConfigurationPlatforms) = postSolution
		{58043B25-6C33-49A8-BFC7-5A284D4E8211}.Debug|Any CPU.ActiveCfg = Debug|Any CPU
		{58043B25-6C33-49A8-BFC7-5A284D4E8211}.Debug|Any CPU.Build.0 = Debug|Any CPU
		{58043B25-6C33-49A8-BFC7-5A284D4E8211}.Release|Any CPU.ActiveCfg = Release|Any CPU
		{58043B25-6C33-49A8-BFC7-5A284D4E8211}.Release|Any CPU.Build.0 = Release|Any CPU
	EndGlobalSection
	GlobalSection(SolutionProperties) = preSolution
		HideSolutionNode = FALSE
	EndGlobalSection
	GlobalSection(ExtensibilityGlobals) = postSolution
		SolutionGuid = {2609C9DF-3585-4372-8257-7487C83D3123}
	EndGlobalSection
EndGlobal
